
Microsoft Visual Studio Solution File, Format Version 12.00
# Visual Studio Version 16
VisualStudioVersion = 16.0.31112.23
MinimumVisualStudioVersion = 10.0.40219.1
Project("{FAE04EC0-301F-11D3-BF4B-00C04F79EFBC}") = "cernyjack", "cernyjack\cernyjack.csproj", "{DACECE20-48FA-435F-A52A-DE779AE20779}"
EndProject
Global
	GlobalSection(SolutionConfigurationPlatforms) = preSolution
		Debug|Any CPU = Debug|Any CPU
		Release|Any CPU = Release|Any CPU
	EndGlobalSection
	GlobalSection(ProjectConfigurationPlatforms) = postSolution
		{DACECE20-48FA-435F-A52A-DE779AE20779}.Debug|Any CPU.ActiveCfg = Debug|Any CPU
		{DACECE20-48FA-435F-A52A-DE779AE20779}.Debug|Any CPU.Build.0 = Debug|Any CPU
		{DACECE20-48FA-435F-A52A-DE779AE20779}.Release|Any CPU.ActiveCfg = Release|Any CPU
		{DACECE20-48FA-435F-A52A-DE779AE20779}.Release|Any CPU.Build.0 = Release|Any CPU
	EndGlobalSection
	GlobalSection(SolutionProperties) = preSolution
		HideSolutionNode = FALSE
	EndGlobalSection
	GlobalSection(ExtensibilityGlobals) = postSolution
		SolutionGuid = {20F907DA-3FB9-4A4F-8485-7E5419887B2D}
	EndGlobalSection
EndGlobal
